
Microsoft Visual Studio Solution File, Format Version 12.00
# Visual Studio Version 16
VisualStudioVersion = 16.0.30804.86
MinimumVisualStudioVersion = 10.0.40219.1
Project("{FAE04EC0-301F-11D3-BF4B-00C04F79EFBC}") = "AutoSmuggle", "AutoSmuggle\AutoSmuggle.csproj", "{57A893C7-7527-4B55-B4E9-D644BBDA89D1}"
EndProject
Global
	GlobalSection(SolutionConfigurationPlatforms) = preSolution
		Debug|Any CPU = Debug|Any CPU
		Debug|x64 = Debug|x64
		Release|Any CPU = Release|Any CPU
		Release|x64 = Release|x64
	EndGlobalSection
	GlobalSection(ProjectConfigurationPlatforms) = postSolution
		{57A893C7-7527-4B55-B4E9-D644BBDA89D1}.Debug|Any CPU.ActiveCfg = Debug|Any CPU
		{57A893C7-7527-4B55-B4E9-D644BBDA89D1}.Debug|Any CPU.Build.0 = Debug|Any CPU
		{57A893C7-7527-4B55-B4E9-D644BBDA89D1}.Debug|x64.ActiveCfg = Debug|x64
		{57A893C7-7527-4B55-B4E9-D644BBDA89D1}.Debug|x64.Build.0 = Debug|x64
		{57A893C7-7527-4B55-B4E9-D644BBDA89D1}.Release|Any CPU.ActiveCfg = Release|Any CPU
		{57A893C7-7527-4B55-B4E9-D644BBDA89D1}.Release|Any CPU.Build.0 = Release|Any CPU
		{57A893C7-7527-4B55-B4E9-D644BBDA89D1}.Release|x64.ActiveCfg = Release|x64
		{57A893C7-7527-4B55-B4E9-D644BBDA89D1}.Release|x64.Build.0 = Release|x64
	EndGlobalSection
	GlobalSection(SolutionProperties) = preSolution
		HideSolutionNode = FALSE
	EndGlobalSection
	GlobalSection(ExtensibilityGlobals) = postSolution
		SolutionGuid = {D10A8383-A54C-49DE-ABCD-2AEC24F82715}
	EndGlobalSection
EndGlobal
